
Microsoft Visual Studio Solution File, Format Version 12.00
# Visual Studio Version 17
VisualStudioVersion = 17.14.36408.4 d17.14
MinimumVisualStudioVersion = 10.0.40219.1
Project("{FAE04EC0-301F-11D3-BF4B-00C04F79EFBC}") = "Demo_LINQ02", "Demo_LINQ02\Demo_LINQ02.csproj", "{E95C8312-D331-40FB-B8A1-30FB9A66DA7E}"
EndProject
Global
	GlobalSection(SolutionConfigurationPlatforms) = preSolution
		Debug|Any CPU = Debug|Any CPU
		Release|Any CPU = Release|Any CPU
	EndGlobalSection
	GlobalSection(ProjectConfigurationPlatforms) = postSolution
		{E95C8312-D331-40FB-B8A1-30FB9A66DA7E}.Debug|Any CPU.ActiveCfg = Debug|Any CPU
		{E95C8312-D331-40FB-B8A1-30FB9A66DA7E}.Debug|Any CPU.Build.0 = Debug|Any CPU
		{E95C8312-D331-40FB-B8A1-30FB9A66DA7E}.Release|Any CPU.ActiveCfg = Release|Any CPU
		{E95C8312-D331-40FB-B8A1-30FB9A66DA7E}.Release|Any CPU.Build.0 = Release|Any CPU
	EndGlobalSection
	GlobalSection(SolutionProperties) = preSolution
		HideSolutionNode = FALSE
	EndGlobalSection
	GlobalSection(ExtensibilityGlobals) = postSolution
		SolutionGuid = {798A6541-2529-4E35-93AE-D56F3015E206}
	EndGlobalSection
EndGlobal
